
Microsoft Visual Studio Solution File, Format Version 12.00
# Visual Studio Version 17
VisualStudioVersion = 17.10.35027.167
MinimumVisualStudioVersion = 10.0.40219.1
Project("{FAE04EC0-301F-11D3-BF4B-00C04F79EFBC}") = "MidTermProblem2", "MidTermProblem2\MidTermProblem2.csproj", "{94C239C2-C2C8-450A-8CEC-09FF336CD450}"
EndProject
Global
	GlobalSection(SolutionConfigurationPlatforms) = preSolution
		Debug|Any CPU = Debug|Any CPU
		Release|Any CPU = Release|Any CPU
	EndGlobalSection
	GlobalSection(ProjectConfigurationPlatforms) = postSolution
		{94C239C2-C2C8-450A-8CEC-09FF336CD450}.Debug|Any CPU.ActiveCfg = Debug|Any CPU
		{94C239C2-C2C8-450A-8CEC-09FF336CD450}.Debug|Any CPU.Build.0 = Debug|Any CPU
		{94C239C2-C2C8-450A-8CEC-09FF336CD450}.Release|Any CPU.ActiveCfg = Release|Any CPU
		{94C239C2-C2C8-450A-8CEC-09FF336CD450}.Release|Any CPU.Build.0 = Release|Any CPU
	EndGlobalSection
	GlobalSection(SolutionProperties) = preSolution
		HideSolutionNode = FALSE
	EndGlobalSection
	GlobalSection(ExtensibilityGlobals) = postSolution
		SolutionGuid = {2C1C724B-2B4F-4FDD-996B-36229B935A1A}
	EndGlobalSection
EndGlobal
